{"1.1.0",
[{<<"cowboy">>,
  {git,"https://github.com/ninenines/cowboy",
       {ref,"d846827b2a70317914621328bd617e4e5d4d13d8"}},
  1},
 {<<"cowlib">>,
  {git,"https://github.com/ninenines/cowlib",
       {ref,"75aaeb8415033b07303febbfeba66d6d3413ad06"}},
  2},
 {<<"erl_upnp">>,
  {git,"https://github.com/bartima3us/erl-upnp",
       {ref,"c6891c21459d4d89bda566c034eb75ba8b7a0eaa"}},
  0},
 {<<"erline_dht">>,
  {git,"https://github.com/bartima3us/erline-dht",
       {ref,"4078f3a98cb7f5eaa7fe35a0704119a8197ca644"}},
  0},
 {<<"gen_bittorrent">>,
  {git,"https://github.com/bartima3us/gen_bittorrent",
       {ref,"5968368c6e4cbd02108e2feef9576b7241ff6428"}},
  0},
 {<<"goldrush">>,{pkg,<<"goldrush">>,<<"0.1.9">>},1},
 {<<"lager">>,
  {git,"https://github.com/erlang-lager/lager",
       {ref,"222293143f4c3379b09d83658c42787303662b23"}},
  0},
 {<<"meck">>,
  {git,"https://github.com/eproxus/meck",
       {ref,"b8f1432f4860443022ada82c55f9f42ecad0ed85"}},
  0},
 {<<"ranch">>,
  {git,"https://github.com/ninenines/ranch",
       {ref,"3190aef88aea04d6dce8545fe9b4574288903f44"}},
  2}]}.
[
{pkg_hash,[
 {<<"goldrush">>, <<"F06E5D5F1277DA5C413E84D5A2924174182FB108DABB39D5EC548B27424CD106">>}]}
].
